
Microsoft Visual Studio Solution File, Format Version 12.00
# Visual Studio Version 17
VisualStudioVersion = 17.6.33417.168
MinimumVisualStudioVersion = 10.0.40219.1
Project("{FAE04EC0-301F-11D3-BF4B-00C04F79EFBC}") = "MongoDBTest", "MongoDBTest.csproj", "{7D0286E7-087B-4F4D-A3D9-646BF3183ABA}"
EndProject
Global
	GlobalSection(SolutionConfigurationPlatforms) = preSolution
		Debug|Any CPU = Debug|Any CPU
		Release|Any CPU = Release|Any CPU
	EndGlobalSection
	GlobalSection(ProjectConfigurationPlatforms) = postSolution
		{7D0286E7-087B-4F4D-A3D9-646BF3183ABA}.Debug|Any CPU.ActiveCfg = Debug|Any CPU
		{7D0286E7-087B-4F4D-A3D9-646BF3183ABA}.Debug|Any CPU.Build.0 = Debug|Any CPU
		{7D0286E7-087B-4F4D-A3D9-646BF3183ABA}.Release|Any CPU.ActiveCfg = Release|Any CPU
		{7D0286E7-087B-4F4D-A3D9-646BF3183ABA}.Release|Any CPU.Build.0 = Release|Any CPU
	EndGlobalSection
	GlobalSection(SolutionProperties) = preSolution
		HideSolutionNode = FALSE
	EndGlobalSection
	GlobalSection(ExtensibilityGlobals) = postSolution
		SolutionGuid = {38C34A74-0ADE-4021-9C5B-AAA4D9DF5681}
	EndGlobalSection
EndGlobal
